// !$*UTF8*$!
{
	archiveVersion = 1;
	classes = {
	};
	objectVersion = 50;
	objects = {

/* Begin PBXBuildFile section */
		AA075DA0267B0F6200F74567 /* CitiesServiceTests.swift in Sources */ = {isa = PBXBuildFile; fileRef = AA075D9F267B0F6200F74567 /* CitiesServiceTests.swift */; };
		AA075DA2267B11C000F74567 /* CitiesServiceMock.swift in Sources */ = {isa = PBXBuildFile; fileRef = AA075DA1267B11C000F74567 /* CitiesServiceMock.swift */; };
		AA075DA4267B26C700F74567 /* DataUtils.swift in Sources */ = {isa = PBXBuildFile; fileRef = AA075DA3267B26C700F74567 /* DataUtils.swift */; };
		AA207056267A9324000C290E /* SearchCitiesRequest.swift in Sources */ = {isa = PBXBuildFile; fileRef = AA207055267A9324000C290E /* SearchCitiesRequest.swift */; };
		AA207058267A9557000C290E /* Task.swift in Sources */ = {isa = PBXBuildFile; fileRef = AA207057267A9557000C290E /* Task.swift */; };
		AA20705D267A9643000C290E /* DispatchWorkItem+Extension.swift in Sources */ = {isa = PBXBuildFile; fileRef = AA20705C267A9643000C290E /* DispatchWorkItem+Extension.swift */; };
		AA3755472678AD8300CB807A /* AppDelegate.swift in Sources */ = {isa = PBXBuildFile; fileRef = AA3755462678AD8300CB807A /* AppDelegate.swift */; };
		AA37554B2678AD8300CB807A /* CitiesViewController.swift in Sources */ = {isa = PBXBuildFile; fileRef = AA37554A2678AD8300CB807A /* CitiesViewController.swift */; };
		AA37554E2678AD8300CB807A /* Main.storyboard in Resources */ = {isa = PBXBuildFile; fileRef = AA37554C2678AD8300CB807A /* Main.storyboard */; };
		AA3755502678AD8600CB807A /* Assets.xcassets in Resources */ = {isa = PBXBuildFile; fileRef = AA37554F2678AD8600CB807A /* Assets.xcassets */; };
		AA3755532678AD8600CB807A /* LaunchScreen.storyboard in Resources */ = {isa = PBXBuildFile; fileRef = AA3755512678AD8600CB807A /* LaunchScreen.storyboard */; };
		AA37555B2678ADC300CB807A /* cities.json in Resources */ = {isa = PBXBuildFile; fileRef = AA37555A2678ADC300CB807A /* cities.json */; };
		AA3755622678AFA200CB807A /* City.swift in Sources */ = {isa = PBXBuildFile; fileRef = AA3755612678AFA200CB807A /* City.swift */; };
		AA3755642678B05B00CB807A /* Coordinate.swift in Sources */ = {isa = PBXBuildFile; fileRef = AA3755632678B05B00CB807A /* Coordinate.swift */; };
		AA3755672678B0ED00CB807A /* CitiesService.swift in Sources */ = {isa = PBXBuildFile; fileRef = AA3755662678B0ED00CB807A /* CitiesService.swift */; };
		AA3755692678B15A00CB807A /* CitiesServicing.swift in Sources */ = {isa = PBXBuildFile; fileRef = AA3755682678B15A00CB807A /* CitiesServicing.swift */; };
		AA37556B2678BADF00CB807A /* CitiesViewProtocol.swift in Sources */ = {isa = PBXBuildFile; fileRef = AA37556A2678BADF00CB807A /* CitiesViewProtocol.swift */; };
		AA37556F2678BB4500CB807A /* Coordinator.swift in Sources */ = {isa = PBXBuildFile; fileRef = AA37556E2678BB4500CB807A /* Coordinator.swift */; };
		AA3755712678BB5D00CB807A /* AppCoordinator.swift in Sources */ = {isa = PBXBuildFile; fileRef = AA3755702678BB5D00CB807A /* AppCoordinator.swift */; };
		AA3755732678BBDB00CB807A /* CitiesCoordinator.swift in Sources */ = {isa = PBXBuildFile; fileRef = AA3755722678BBDB00CB807A /* CitiesCoordinator.swift */; };
		AA3755752678C4B800CB807A /* CitiesPresenting.swift in Sources */ = {isa = PBXBuildFile; fileRef = AA3755742678C4B800CB807A /* CitiesPresenting.swift */; };
		AA3755772678C4C100CB807A /* CitesPresenter.swift in Sources */ = {isa = PBXBuildFile; fileRef = AA3755762678C4C100CB807A /* CitesPresenter.swift */; };
		AA37557A267908EA00CB807A /* CityCell.swift in Sources */ = {isa = PBXBuildFile; fileRef = AA375579267908EA00CB807A /* CityCell.swift */; };
		AAAC8DDB267B714C00AAB528 /* MapViewController.swift in Sources */ = {isa = PBXBuildFile; fileRef = AAAC8DDA267B714C00AAB528 /* MapViewController.swift */; };
		AAAC8DDD267B716500AAB528 /* MapPresenter.swift in Sources */ = {isa = PBXBuildFile; fileRef = AAAC8DDC267B716500AAB528 /* MapPresenter.swift */; };
		AAAC8DDF267B716D00AAB528 /* MapPresenting.swift in Sources */ = {isa = PBXBuildFile; fileRef = AAAC8DDE267B716D00AAB528 /* MapPresenting.swift */; };
		AAAC8DE3267B73C500AAB528 /* MapViewProtocol.swift in Sources */ = {isa = PBXBuildFile; fileRef = AAAC8DE2267B73C500AAB528 /* MapViewProtocol.swift */; };
/* End PBXBuildFile section */

/* Begin PBXContainerItemProxy section */
		AA075D9A267B0F1600F74567 /* PBXContainerItemProxy */ = {
			isa = PBXContainerItemProxy;
			containerPortal = AA37553B2678AD8300CB807A /* Project object */;
			proxyType = 1;
			remoteGlobalIDString = AA3755422678AD8300CB807A;
			remoteInfo = CityFinder;
		};
/* End PBXContainerItemProxy section */

/* Begin PBXFileReference section */
		AA075D95267B0F1600F74567 /* CityFinderTests.xctest */ = {isa = PBXFileReference; explicitFileType = wrapper.cfbundle; includeInIndex = 0; path = CityFinderTests.xctest; sourceTree = BUILT_PRODUCTS_DIR; };
		AA075D99267B0F1600F74567 /* Info.plist */ = {isa = PBXFileReference; lastKnownFileType = text.plist.xml; path = Info.plist; sourceTree = "<group>"; };
		AA075D9F267B0F6200F74567 /* CitiesServiceTests.swift */ = {isa = PBXFileReference; lastKnownFileType = sourcecode.swift; path = CitiesServiceTests.swift; sourceTree = "<group>"; };
		AA075DA1267B11C000F74567 /* CitiesServiceMock.swift */ = {isa = PBXFileReference; lastKnownFileType = sourcecode.swift; path = CitiesServiceMock.swift; sourceTree = "<group>"; };
		AA075DA3267B26C700F74567 /* DataUtils.swift */ = {isa = PBXFileReference; lastKnownFileType = sourcecode.swift; path = DataUtils.swift; sourceTree = "<group>"; };
		AA207055267A9324000C290E /* SearchCitiesRequest.swift */ = {isa = PBXFileReference; lastKnownFileType = sourcecode.swift; path = SearchCitiesRequest.swift; sourceTree = "<group>"; };
		AA207057267A9557000C290E /* Task.swift */ = {isa = PBXFileReference; lastKnownFileType = sourcecode.swift; path = Task.swift; sourceTree = "<group>"; };
		AA20705C267A9643000C290E /* DispatchWorkItem+Extension.swift */ = {isa = PBXFileReference; lastKnownFileType = sourcecode.swift; path = "DispatchWorkItem+Extension.swift"; sourceTree = "<group>"; };
		AA3755432678AD8300CB807A /* CityFinder.app */ = {isa = PBXFileReference; explicitFileType = wrapper.application; includeInIndex = 0; path = CityFinder.app; sourceTree = BUILT_PRODUCTS_DIR; };
		AA3755462678AD8300CB807A /* AppDelegate.swift */ = {isa = PBXFileReference; lastKnownFileType = sourcecode.swift; path = AppDelegate.swift; sourceTree = "<group>"; };
		AA37554A2678AD8300CB807A /* CitiesViewController.swift */ = {isa = PBXFileReference; lastKnownFileType = sourcecode.swift; path = CitiesViewController.swift; sourceTree = "<group>"; };
		AA37554D2678AD8300CB807A /* Base */ = {isa = PBXFileReference; lastKnownFileType = file.storyboard; name = Base; path = Base.lproj/Main.storyboard; sourceTree = "<group>"; };
		AA37554F2678AD8600CB807A /* Assets.xcassets */ = {isa = PBXFileReference; lastKnownFileType = folder.assetcatalog; path = Assets.xcassets; sourceTree = "<group>"; };
		AA3755522678AD8600CB807A /* Base */ = {isa = PBXFileReference; lastKnownFileType = file.storyboard; name = Base; path = Base.lproj/LaunchScreen.storyboard; sourceTree = "<group>"; };
		AA3755542678AD8600CB807A /* Info.plist */ = {isa = PBXFileReference; lastKnownFileType = text.plist.xml; path = Info.plist; sourceTree = "<group>"; };
		AA37555A2678ADC300CB807A /* cities.json */ = {isa = PBXFileReference; fileEncoding = 4; lastKnownFileType = text.json; path = cities.json; sourceTree = "<group>"; };
		AA3755612678AFA200CB807A /* City.swift */ = {isa = PBXFileReference; lastKnownFileType = sourcecode.swift; path = City.swift; sourceTree = "<group>"; };
		AA3755632678B05B00CB807A /* Coordinate.swift */ = {isa = PBXFileReference; lastKnownFileType = sourcecode.swift; path = Coordinate.swift; sourceTree = "<group>"; };
		AA3755662678B0ED00CB807A /* CitiesService.swift */ = {isa = PBXFileReference; lastKnownFileType = sourcecode.swift; path = CitiesService.swift; sourceTree = "<group>"; };
		AA3755682678B15A00CB807A /* CitiesServicing.swift */ = {isa = PBXFileReference; lastKnownFileType = sourcecode.swift; path = CitiesServicing.swift; sourceTree = "<group>"; };
		AA37556A2678BADF00CB807A /* CitiesViewProtocol.swift */ = {isa = PBXFileReference; lastKnownFileType = sourcecode.swift; path = CitiesViewProtocol.swift; sourceTree = "<group>"; };
		AA37556E2678BB4500CB807A /* Coordinator.swift */ = {isa = PBXFileReference; lastKnownFileType = sourcecode.swift; path = Coordinator.swift; sourceTree = "<group>"; };
		AA3755702678BB5D00CB807A /* AppCoordinator.swift */ = {isa = PBXFileReference; lastKnownFileType = sourcecode.swift; path = AppCoordinator.swift; sourceTree = "<group>"; };
		AA3755722678BBDB00CB807A /* CitiesCoordinator.swift */ = {isa = PBXFileReference; lastKnownFileType = sourcecode.swift; path = CitiesCoordinator.swift; sourceTree = "<group>"; };
		AA3755742678C4B800CB807A /* CitiesPresenting.swift */ = {isa = PBXFileReference; lastKnownFileType = sourcecode.swift; path = CitiesPresenting.swift; sourceTree = "<group>"; };
		AA3755762678C4C100CB807A /* CitesPresenter.swift */ = {isa = PBXFileReference; lastKnownFileType = sourcecode.swift; path = CitesPresenter.swift; sourceTree = "<group>"; };
		AA375579267908EA00CB807A /* CityCell.swift */ = {isa = PBXFileReference; lastKnownFileType = sourcecode.swift; path = CityCell.swift; sourceTree = "<group>"; };
		AAAC8DDA267B714C00AAB528 /* MapViewController.swift */ = {isa = PBXFileReference; lastKnownFileType = sourcecode.swift; path = MapViewController.swift; sourceTree = "<group>"; };
		AAAC8DDC267B716500AAB528 /* MapPresenter.swift */ = {isa = PBXFileReference; lastKnownFileType = sourcecode.swift; path = MapPresenter.swift; sourceTree = "<group>"; };
		AAAC8DDE267B716D00AAB528 /* MapPresenting.swift */ = {isa = PBXFileReference; lastKnownFileType = sourcecode.swift; path = MapPresenting.swift; sourceTree = "<group>"; };
		AAAC8DE2267B73C500AAB528 /* MapViewProtocol.swift */ = {isa = PBXFileReference; lastKnownFileType = sourcecode.swift; path = MapViewProtocol.swift; sourceTree = "<group>"; };
/* End PBXFileReference section */

/* Begin PBXFrameworksBuildPhase section */
		AA075D92267B0F1600F74567 /* Frameworks */ = {
			isa = PBXFrameworksBuildPhase;
			buildActionMask = 2147483647;
			files = (
			);
			runOnlyForDeploymentPostprocessing = 0;
		};
		AA3755402678AD8300CB807A /* Frameworks */ = {
			isa = PBXFrameworksBuildPhase;
			buildActionMask = 2147483647;
			files = (
			);
			runOnlyForDeploymentPostprocessing = 0;
		};
/* End PBXFrameworksBuildPhase section */

/* Begin PBXGroup section */
		AA075D96267B0F1600F74567 /* CityFinderTests */ = {
			isa = PBXGroup;
			children = (
				AA075D99267B0F1600F74567 /* Info.plist */,
				AA075D9F267B0F6200F74567 /* CitiesServiceTests.swift */,
				AA075DA1267B11C000F74567 /* CitiesServiceMock.swift */,
				AA075DA3267B26C700F74567 /* DataUtils.swift */,
			);
			path = CityFinderTests;
			sourceTree = "<group>";
		};
		AA20705B267A9625000C290E /* Extensions */ = {
			isa = PBXGroup;
			children = (
				AA20705C267A9643000C290E /* DispatchWorkItem+Extension.swift */,
			);
			path = Extensions;
			sourceTree = "<group>";
		};
		AA37553A2678AD8300CB807A = {
			isa = PBXGroup;
			children = (
				AA3755452678AD8300CB807A /* CityFinder */,
				AA075D96267B0F1600F74567 /* CityFinderTests */,
				AA3755442678AD8300CB807A /* Products */,
			);
			sourceTree = "<group>";
		};
		AA3755442678AD8300CB807A /* Products */ = {
			isa = PBXGroup;
			children = (
				AA3755432678AD8300CB807A /* CityFinder.app */,
				AA075D95267B0F1600F74567 /* CityFinderTests.xctest */,
			);
			name = Products;
			sourceTree = "<group>";
		};
		AA3755452678AD8300CB807A /* CityFinder */ = {
			isa = PBXGroup;
			children = (
				AA3755652678B0B100CB807A /* Domain */,
				AA37555D2678AEF600CB807A /* Models */,
				AA37555E2678AF1B00CB807A /* Presenters */,
				AA37555F2678AF3900CB807A /* Views */,
				AA20705B267A9625000C290E /* Extensions */,
				AA3755602678AF5A00CB807A /* Storyboards */,
				AA37555C2678AEEB00CB807A /* Resources */,
				AA3755462678AD8300CB807A /* AppDelegate.swift */,
				AA3755542678AD8600CB807A /* Info.plist */,
			);
			path = CityFinder;
			sourceTree = "<group>";
		};
		AA37555C2678AEEB00CB807A /* Resources */ = {
			isa = PBXGroup;
			children = (
				AA37555A2678ADC300CB807A /* cities.json */,
				AA37554F2678AD8600CB807A /* Assets.xcassets */,
			);
			path = Resources;
			sourceTree = "<group>";
		};
		AA37555D2678AEF600CB807A /* Models */ = {
			isa = PBXGroup;
			children = (
				AA3755612678AFA200CB807A /* City.swift */,
				AA3755632678B05B00CB807A /* Coordinate.swift */,
				AA207055267A9324000C290E /* SearchCitiesRequest.swift */,
			);
			path = Models;
			sourceTree = "<group>";
		};
		AA37555E2678AF1B00CB807A /* Presenters */ = {
			isa = PBXGroup;
			children = (
				AA3755742678C4B800CB807A /* CitiesPresenting.swift */,
				AA3755762678C4C100CB807A /* CitesPresenter.swift */,
				AAAC8DDC267B716500AAB528 /* MapPresenter.swift */,
				AAAC8DDE267B716D00AAB528 /* MapPresenting.swift */,
			);
			path = Presenters;
			sourceTree = "<group>";
		};
		AA37555F2678AF3900CB807A /* Views */ = {
			isa = PBXGroup;
			children = (
				AA375578267908C400CB807A /* Cells */,
				AA37554A2678AD8300CB807A /* CitiesViewController.swift */,
				AA37556A2678BADF00CB807A /* CitiesViewProtocol.swift */,
				AAAC8DDA267B714C00AAB528 /* MapViewController.swift */,
				AAAC8DE2267B73C500AAB528 /* MapViewProtocol.swift */,
			);
			path = Views;
			sourceTree = "<group>";
		};
		AA3755602678AF5A00CB807A /* Storyboards */ = {
			isa = PBXGroup;
			children = (
				AA37554C2678AD8300CB807A /* Main.storyboard */,
				AA3755512678AD8600CB807A /* LaunchScreen.storyboard */,
			);
			path = Storyboards;
			sourceTree = "<group>";
		};
		AA3755652678B0B100CB807A /* Domain */ = {
			isa = PBXGroup;
			children = (
				AA37556D2678BB1F00CB807A /* Services */,
				AA37556C2678BB1200CB807A /* Coordinators */,
			);
			path = Domain;
			sourceTree = "<group>";
		};
		AA37556C2678BB1200CB807A /* Coordinators */ = {
			isa = PBXGroup;
			children = (
				AA37556E2678BB4500CB807A /* Coordinator.swift */,
				AA3755702678BB5D00CB807A /* AppCoordinator.swift */,
				AA3755722678BBDB00CB807A /* CitiesCoordinator.swift */,
			);
			path = Coordinators;
			sourceTree = "<group>";
		};
		AA37556D2678BB1F00CB807A /* Services */ = {
			isa = PBXGroup;
			children = (
				AA3755662678B0ED00CB807A /* CitiesService.swift */,
				AA3755682678B15A00CB807A /* CitiesServicing.swift */,
				AA207057267A9557000C290E /* Task.swift */,
			);
			path = Services;
			sourceTree = "<group>";
		};
		AA375578267908C400CB807A /* Cells */ = {
			isa = PBXGroup;
			children = (
				AA375579267908EA00CB807A /* CityCell.swift */,
			);
			path = Cells;
			sourceTree = "<group>";
		};
/* End PBXGroup section */

/* Begin PBXNativeTarget section */
		AA075D94267B0F1600F74567 /* CityFinderTests */ = {
			isa = PBXNativeTarget;
			buildConfigurationList = AA075D9E267B0F1600F74567 /* Build configuration list for PBXNativeTarget "CityFinderTests" */;
			buildPhases = (
				AA075D91267B0F1600F74567 /* Sources */,
				AA075D92267B0F1600F74567 /* Frameworks */,
				AA075D93267B0F1600F74567 /* Resources */,
			);
			buildRules = (
			);
			dependencies = (
				AA075D9B267B0F1600F74567 /* PBXTargetDependency */,
			);
			name = CityFinderTests;
			productName = CityFinderTests;
			productReference = AA075D95267B0F1600F74567 /* CityFinderTests.xctest */;
			productType = "com.apple.product-type.bundle.unit-test";
		};
		AA3755422678AD8300CB807A /* CityFinder */ = {
			isa = PBXNativeTarget;
			buildConfigurationList = AA3755572678AD8600CB807A /* Build configuration list for PBXNativeTarget "CityFinder" */;
			buildPhases = (
				AA37553F2678AD8300CB807A /* Sources */,
				AA3755402678AD8300CB807A /* Frameworks */,
				AA3755412678AD8300CB807A /* Resources */,
			);
			buildRules = (
			);
			dependencies = (
			);
			name = CityFinder;
			productName = CityFinder;
			productReference = AA3755432678AD8300CB807A /* CityFinder.app */;
			productType = "com.apple.product-type.application";
		};
/* End PBXNativeTarget section */

/* Begin PBXProject section */
		AA37553B2678AD8300CB807A /* Project object */ = {
			isa = PBXProject;
			attributes = {
				LastSwiftUpdateCheck = 1250;
				LastUpgradeCheck = 1250;
				TargetAttributes = {
					AA075D94267B0F1600F74567 = {
						CreatedOnToolsVersion = 12.5;
						TestTargetID = AA3755422678AD8300CB807A;
					};
					AA3755422678AD8300CB807A = {
						CreatedOnToolsVersion = 12.5;
					};
				};
			};
			buildConfigurationList = AA37553E2678AD8300CB807A /* Build configuration list for PBXProject "CityFinder" */;
			compatibilityVersion = "Xcode 9.3";
			developmentRegion = en;
			hasScannedForEncodings = 0;
			knownRegions = (
				en,
				Base,
			);
			mainGroup = AA37553A2678AD8300CB807A;
			productRefGroup = AA3755442678AD8300CB807A /* Products */;
			projectDirPath = "";
			projectRoot = "";
			targets = (
				AA3755422678AD8300CB807A /* CityFinder */,
				AA075D94267B0F1600F74567 /* CityFinderTests */,
			);
		};
/* End PBXProject section */

/* Begin PBXResourcesBuildPhase section */
		AA075D93267B0F1600F74567 /* Resources */ = {
			isa = PBXResourcesBuildPhase;
			buildActionMask = 2147483647;
			files = (
			);
			runOnlyForDeploymentPostprocessing = 0;
		};
		AA3755412678AD8300CB807A /* Resources */ = {
			isa = PBXResourcesBuildPhase;
			buildActionMask = 2147483647;
			files = (
				AA37555B2678ADC300CB807A /* cities.json in Resources */,
				AA3755532678AD8600CB807A /* LaunchScreen.storyboard in Resources */,
				AA3755502678AD8600CB807A /* Assets.xcassets in Resources */,
				AA37554E2678AD8300CB807A /* Main.storyboard in Resources */,
			);
			runOnlyForDeploymentPostprocessing = 0;
		};
/* End PBXResourcesBuildPhase section */

/* Begin PBXSourcesBuildPhase section */
		AA075D91267B0F1600F74567 /* Sources */ = {
			isa = PBXSourcesBuildPhase;
			buildActionMask = 2147483647;
			files = (
				AA075DA4267B26C700F74567 /* DataUtils.swift in Sources */,
				AA075DA0267B0F6200F74567 /* CitiesServiceTests.swift in Sources */,
				AA075DA2267B11C000F74567 /* CitiesServiceMock.swift in Sources */,
			);
			runOnlyForDeploymentPostprocessing = 0;
		};
		AA37553F2678AD8300CB807A /* Sources */ = {
			isa = PBXSourcesBuildPhase;
			buildActionMask = 2147483647;
			files = (
				AA3755752678C4B800CB807A /* CitiesPresenting.swift in Sources */,
				AA3755672678B0ED00CB807A /* CitiesService.swift in Sources */,
				AA3755772678C4C100CB807A /* CitesPresenter.swift in Sources */,
				AA37557A267908EA00CB807A /* CityCell.swift in Sources */,
				AA37556B2678BADF00CB807A /* CitiesViewProtocol.swift in Sources */,
				AA3755712678BB5D00CB807A /* AppCoordinator.swift in Sources */,
				AA37554B2678AD8300CB807A /* CitiesViewController.swift in Sources */,
				AA207058267A9557000C290E /* Task.swift in Sources */,
				AA3755692678B15A00CB807A /* CitiesServicing.swift in Sources */,
				AA3755472678AD8300CB807A /* AppDelegate.swift in Sources */,
				AA20705D267A9643000C290E /* DispatchWorkItem+Extension.swift in Sources */,
				AAAC8DE3267B73C500AAB528 /* MapViewProtocol.swift in Sources */,
				AAAC8DDF267B716D00AAB528 /* MapPresenting.swift in Sources */,
				AAAC8DDD267B716500AAB528 /* MapPresenter.swift in Sources */,
				AA3755622678AFA200CB807A /* City.swift in Sources */,
				AA3755642678B05B00CB807A /* Coordinate.swift in Sources */,
				AA207056267A9324000C290E /* SearchCitiesRequest.swift in Sources */,
				AA37556F2678BB4500CB807A /* Coordinator.swift in Sources */,
				AA3755732678BBDB00CB807A /* CitiesCoordinator.swift in Sources */,
				AAAC8DDB267B714C00AAB528 /* MapViewController.swift in Sources */,
			);
			runOnlyForDeploymentPostprocessing = 0;
		};
/* End PBXSourcesBuildPhase section */

/* Begin PBXTargetDependency section */
		AA075D9B267B0F1600F74567 /* PBXTargetDependency */ = {
			isa = PBXTargetDependency;
			target = AA3755422678AD8300CB807A /* CityFinder */;
			targetProxy = AA075D9A267B0F1600F74567 /* PBXContainerItemProxy */;
		};
/* End PBXTargetDependency section */

/* Begin PBXVariantGroup section */
		AA37554C2678AD8300CB807A /* Main.storyboard */ = {
			isa = PBXVariantGroup;
			children = (
				AA37554D2678AD8300CB807A /* Base */,
			);
			name = Main.storyboard;
			sourceTree = "<group>";
		};
		AA3755512678AD8600CB807A /* LaunchScreen.storyboard */ = {
			isa = PBXVariantGroup;
			children = (
				AA3755522678AD8600CB807A /* Base */,
			);
			name = LaunchScreen.storyboard;
			sourceTree = "<group>";
		};
/* End PBXVariantGroup section */

/* Begin XCBuildConfiguration section */
		AA075D9C267B0F1600F74567 /* Debug */ = {
			isa = XCBuildConfiguration;
			buildSettings = {
				BUNDLE_LOADER = "$(TEST_HOST)";
				CODE_SIGN_STYLE = Automatic;
				INFOPLIST_FILE = CityFinderTests/Info.plist;
				IPHONEOS_DEPLOYMENT_TARGET = 12.1;
				LD_RUNPATH_SEARCH_PATHS = (
					"$(inherited)",
					"@executable_path/Frameworks",
					"@loader_path/Frameworks",
				);
				PRODUCT_BUNDLE_IDENTIFIER = com.test.CityFinderTests;
				PRODUCT_NAME = "$(TARGET_NAME)";
				SWIFT_VERSION = 5.0;
				TARGETED_DEVICE_FAMILY = "1,2";
				TEST_HOST = "$(BUILT_PRODUCTS_DIR)/CityFinder.app/CityFinder";
			};
			name = Debug;
		};
		AA075D9D267B0F1600F74567 /* Release */ = {
			isa = XCBuildConfiguration;
			buildSettings = {
				BUNDLE_LOADER = "$(TEST_HOST)";
				CODE_SIGN_STYLE = Automatic;
				INFOPLIST_FILE = CityFinderTests/Info.plist;
				IPHONEOS_DEPLOYMENT_TARGET = 12.1;
				LD_RUNPATH_SEARCH_PATHS = (
					"$(inherited)",
					"@executable_path/Frameworks",
					"@loader_path/Frameworks",
				);
				PRODUCT_BUNDLE_IDENTIFIER = com.test.CityFinderTests;
				PRODUCT_NAME = "$(TARGET_NAME)";
				SWIFT_VERSION = 5.0;
				TARGETED_DEVICE_FAMILY = "1,2";
				TEST_HOST = "$(BUILT_PRODUCTS_DIR)/CityFinder.app/CityFinder";
			};
			name = Release;
		};
		AA3755552678AD8600CB807A /* Debug */ = {
			isa = XCBuildConfiguration;
			buildSettings = {
				ALWAYS_SEARCH_USER_PATHS = NO;
				CLANG_ANALYZER_NONNULL = YES;
				CLANG_ANALYZER_NUMBER_OBJECT_CONVERSION = YES_AGGRESSIVE;
				CLANG_CXX_LANGUAGE_STANDARD = "gnu++14";
				CLANG_CXX_LIBRARY = "libc++";
				CLANG_ENABLE_MODULES = YES;
				CLANG_ENABLE_OBJC_ARC = YES;
				CLANG_ENABLE_OBJC_WEAK = YES;
				CLANG_WARN_BLOCK_CAPTURE_AUTORELEASING = YES;
				CLANG_WARN_BOOL_CONVERSION = YES;
				CLANG_WARN_COMMA = YES;
				CLANG_WARN_CONSTANT_CONVERSION = YES;
				CLANG_WARN_DEPRECATED_OBJC_IMPLEMENTATIONS = YES;
				CLANG_WARN_DIRECT_OBJC_ISA_USAGE = YES_ERROR;
				CLANG_WARN_DOCUMENTATION_COMMENTS = YES;
				CLANG_WARN_EMPTY_BODY = YES;
				CLANG_WARN_ENUM_CONVERSION = YES;
				CLANG_WARN_INFINITE_RECURSION = YES;
				CLANG_WARN_INT_CONVERSION = YES;
				CLANG_WARN_NON_LITERAL_NULL_CONVERSION = YES;
				CLANG_WARN_OBJC_IMPLICIT_RETAIN_SELF = YES;
				CLANG_WARN_OBJC_LITERAL_CONVERSION = YES;
				CLANG_WARN_OBJC_ROOT_CLASS = YES_ERROR;
				CLANG_WARN_QUOTED_INCLUDE_IN_FRAMEWORK_HEADER = YES;
				CLANG_WARN_RANGE_LOOP_ANALYSIS = YES;
				CLANG_WARN_STRICT_PROTOTYPES = YES;
				CLANG_WARN_SUSPICIOUS_MOVE = YES;
				CLANG_WARN_UNGUARDED_AVAILABILITY = YES_AGGRESSIVE;
				CLANG_WARN_UNREACHABLE_CODE = YES;
				CLANG_WARN__DUPLICATE_METHOD_MATCH = YES;
				COPY_PHASE_STRIP = NO;
				DEBUG_INFORMATION_FORMAT = dwarf;
				ENABLE_STRICT_OBJC_MSGSEND = YES;
				ENABLE_TESTABILITY = YES;
				GCC_C_LANGUAGE_STANDARD = gnu11;
				GCC_DYNAMIC_NO_PIC = NO;
				GCC_NO_COMMON_BLOCKS = YES;
				GCC_OPTIMIZATION_LEVEL = 0;
				GCC_PREPROCESSOR_DEFINITIONS = (
					"DEBUG=1",
					"$(inherited)",
				);
				GCC_WARN_64_TO_32_BIT_CONVERSION = YES;
				GCC_WARN_ABOUT_RETURN_TYPE = YES_ERROR;
				GCC_WARN_UNDECLARED_SELECTOR = YES;
				GCC_WARN_UNINITIALIZED_AUTOS = YES_AGGRESSIVE;
				GCC_WARN_UNUSED_FUNCTION = YES;
				GCC_WARN_UNUSED_VARIABLE = YES;
				IPHONEOS_DEPLOYMENT_TARGET = 12.1;
				MTL_ENABLE_DEBUG_INFO = INCLUDE_SOURCE;
				MTL_FAST_MATH = YES;
				ONLY_ACTIVE_ARCH = YES;
				SDKROOT = iphoneos;
				SWIFT_ACTIVE_COMPILATION_CONDITIONS = DEBUG;
				SWIFT_OPTIMIZATION_LEVEL = "-Onone";
			};
			name = Debug;
		};
		AA3755562678AD8600CB807A /* Release */ = {
			isa = XCBuildConfiguration;
			buildSettings = {
				ALWAYS_SEARCH_USER_PATHS = NO;
				CLANG_ANALYZER_NONNULL = YES;
				CLANG_ANALYZER_NUMBER_OBJECT_CONVERSION = YES_AGGRESSIVE;
				CLANG_CXX_LANGUAGE_STANDARD = "gnu++14";
				CLANG_CXX_LIBRARY = "libc++";
				CLANG_ENABLE_MODULES = YES;
				CLANG_ENABLE_OBJC_ARC = YES;
				CLANG_ENABLE_OBJC_WEAK = YES;
				CLANG_WARN_BLOCK_CAPTURE_AUTORELEASING = YES;
				CLANG_WARN_BOOL_CONVERSION = YES;
				CLANG_WARN_COMMA = YES;
				CLANG_WARN_CONSTANT_CONVERSION = YES;
				CLANG_WARN_DEPRECATED_OBJC_IMPLEMENTATIONS = YES;
				CLANG_WARN_DIRECT_OBJC_ISA_USAGE = YES_ERROR;
				CLANG_WARN_DOCUMENTATION_COMMENTS = YES;
				CLANG_WARN_EMPTY_BODY = YES;
				CLANG_WARN_ENUM_CONVERSION = YES;
				CLANG_WARN_INFINITE_RECURSION = YES;
				CLANG_WARN_INT_CONVERSION = YES;
				CLANG_WARN_NON_LITERAL_NULL_CONVERSION = YES;
				CLANG_WARN_OBJC_IMPLICIT_RETAIN_SELF = YES;
				CLANG_WARN_OBJC_LITERAL_CONVERSION = YES;
				CLANG_WARN_OBJC_ROOT_CLASS = YES_ERROR;
				CLANG_WARN_QUOTED_INCLUDE_IN_FRAMEWORK_HEADER = YES;
				CLANG_WARN_RANGE_LOOP_ANALYSIS = YES;
				CLANG_WARN_STRICT_PROTOTYPES = YES;
				CLANG_WARN_SUSPICIOUS_MOVE = YES;
				CLANG_WARN_UNGUARDED_AVAILABILITY = YES_AGGRESSIVE;
				CLANG_WARN_UNREACHABLE_CODE = YES;
				CLANG_WARN__DUPLICATE_METHOD_MATCH = YES;
				COPY_PHASE_STRIP = NO;
				DEBUG_INFORMATION_FORMAT = "dwarf-with-dsym";
				ENABLE_NS_ASSERTIONS = NO;
				ENABLE_STRICT_OBJC_MSGSEND = YES;
				GCC_C_LANGUAGE_STANDARD = gnu11;
				GCC_NO_COMMON_BLOCKS = YES;
				GCC_WARN_64_TO_32_BIT_CONVERSION = YES;
				GCC_WARN_ABOUT_RETURN_TYPE = YES_ERROR;
				GCC_WARN_UNDECLARED_SELECTOR = YES;
				GCC_WARN_UNINITIALIZED_AUTOS = YES_AGGRESSIVE;
				GCC_WARN_UNUSED_FUNCTION = YES;
				GCC_WARN_UNUSED_VARIABLE = YES;
				IPHONEOS_DEPLOYMENT_TARGET = 12.1;
				MTL_ENABLE_DEBUG_INFO = NO;
				MTL_FAST_MATH = YES;
				SDKROOT = iphoneos;
				SWIFT_COMPILATION_MODE = wholemodule;
				SWIFT_OPTIMIZATION_LEVEL = "-O";
				VALIDATE_PRODUCT = YES;
			};
			name = Release;
		};
		AA3755582678AD8600CB807A /* Debug */ = {
			isa = XCBuildConfiguration;
			buildSettings = {
				ASSETCATALOG_COMPILER_APPICON_NAME = AppIcon;
				ASSETCATALOG_COMPILER_GLOBAL_ACCENT_COLOR_NAME = AccentColor;
				CODE_SIGN_STYLE = Automatic;
				INFOPLIST_FILE = CityFinder/Info.plist;
				LD_RUNPATH_SEARCH_PATHS = (
					"$(inherited)",
					"@executable_path/Frameworks",
				);
				PRODUCT_BUNDLE_IDENTIFIER = com.test.CityFinder;
				PRODUCT_NAME = "$(TARGET_NAME)";
				SWIFT_VERSION = 5.0;
				TARGETED_DEVICE_FAMILY = "1,2";
			};
			name = Debug;
		};
		AA3755592678AD8600CB807A /* Release */ = {
			isa = XCBuildConfiguration;
			buildSettings = {
				ASSETCATALOG_COMPILER_APPICON_NAME = AppIcon;
				ASSETCATALOG_COMPILER_GLOBAL_ACCENT_COLOR_NAME = AccentColor;
				CODE_SIGN_STYLE = Automatic;
				INFOPLIST_FILE = CityFinder/Info.plist;
				LD_RUNPATH_SEARCH_PATHS = (
					"$(inherited)",
					"@executable_path/Frameworks",
				);
				PRODUCT_BUNDLE_IDENTIFIER = com.test.CityFinder;
				PRODUCT_NAME = "$(TARGET_NAME)";
				SWIFT_VERSION = 5.0;
				TARGETED_DEVICE_FAMILY = "1,2";
			};
			name = Release;
		};
/* End XCBuildConfiguration section */

/* Begin XCConfigurationList section */
		AA075D9E267B0F1600F74567 /* Build configuration list for PBXNativeTarget "CityFinderTests" */ = {
			isa = XCConfigurationList;
			buildConfigurations = (
				AA075D9C267B0F1600F74567 /* Debug */,
				AA075D9D267B0F1600F74567 /* Release */,
			);
			defaultConfigurationIsVisible = 0;
			defaultConfigurationName = Release;
		};
		AA37553E2678AD8300CB807A /* Build configuration list for PBXProject "CityFinder" */ = {
			isa = XCConfigurationList;
			buildConfigurations = (
				AA3755552678AD8600CB807A /* Debug */,
				AA3755562678AD8600CB807A /* Release */,
			);
			defaultConfigurationIsVisible = 0;
			defaultConfigurationName = Release;
		};
		AA3755572678AD8600CB807A /* Build configuration list for PBXNativeTarget "CityFinder" */ = {
			isa = XCConfigurationList;
			buildConfigurations = (
				AA3755582678AD8600CB807A /* Debug */,
				AA3755592678AD8600CB807A /* Release */,
			);
			defaultConfigurationIsVisible = 0;
			defaultConfigurationName = Release;
		};
/* End XCConfigurationList section */
	};
	rootObject = AA37553B2678AD8300CB807A /* Project object */;
}
